
Microsoft Visual Studio Solution File, Format Version 12.00
# Visual Studio 15
VisualStudioVersion = 15.0.27130.2010
MinimumVisualStudioVersion = 10.0.40219.1
Project("{FAE04EC0-301F-11D3-BF4B-00C04F79EFBC}") = "XJFWebApi.Franework", "XJFWebApi.Franework\XJFWebApi.Franework.csproj", "{39E4F2BF-329C-436A-9A10-19FD3BDE8E31}"
EndProject
Project("{FAE04EC0-301F-11D3-BF4B-00C04F79EFBC}") = "XJFWebApi.Franework.Tests", "XJFWebApi.Franework.Tests\XJFWebApi.Franework.Tests.csproj", "{CE60BD0F-F1DA-4065-8C8E-3B3E6C0AB120}"
EndProject
Project("{2150E333-8FDC-42A3-9474-1A3956D46DE8}") = "Models", "Models", "{639275D9-2901-4810-BDD4-146FF200AFC7}"
EndProject
Project("{2150E333-8FDC-42A3-9474-1A3956D46DE8}") = "DAO", "DAO", "{8E4B0792-7802-4A59-AF67-37012DBE82EF}"
EndProject
Project("{2150E333-8FDC-42A3-9474-1A3956D46DE8}") = "Service", "Service", "{BE510C4F-010B-447A-AFBD-3A74DF218951}"
EndProject
Project("{2150E333-8FDC-42A3-9474-1A3956D46DE8}") = "System.Models", "System.Models", "{7F689136-124F-4FF1-A255-625E293CEB4F}"
EndProject
Project("{FAE04EC0-301F-11D3-BF4B-00C04F79EFBC}") = "System.Models", "System.Models\System.Models.csproj", "{37D25547-D0EF-4BB8-8D79-8B1DC105D20A}"
EndProject
Project("{FAE04EC0-301F-11D3-BF4B-00C04F79EFBC}") = "System.DAO", "Systeｍ.DAO\System.DAO.csproj", "{C49C8DA3-2167-4BE8-BB76-48285F84474D}"
EndProject
Project("{2150E333-8FDC-42A3-9474-1A3956D46DE8}") = "IDAO", "IDAO", "{DDB9C785-1CBD-4745-8D61-07C42853FA2A}"
EndProject
Project("{FAE04EC0-301F-11D3-BF4B-00C04F79EFBC}") = "System.IDAO", "System.IDAO\System.IDAO.csproj", "{6435357B-10D8-4B72-965B-0D69C2ED40CF}"
EndProject
Project("{2150E333-8FDC-42A3-9474-1A3956D46DE8}") = "Tools", "Tools", "{296CC4C8-7E3C-49AD-A0DF-E234AC817B3F}"
EndProject
Project("{FAE04EC0-301F-11D3-BF4B-00C04F79EFBC}") = "LogTools", "LogHelper\LogTools.csproj", "{9F5B8053-4356-4DD4-8751-9310B26A237A}"
EndProject
Project("{2150E333-8FDC-42A3-9474-1A3956D46DE8}") = "Request.Models", "Request.Models", "{A0951211-F7B6-454A-AEE4-C3E63C6BB37D}"
EndProject
Project("{FAE04EC0-301F-11D3-BF4B-00C04F79EFBC}") = "Request.Models", "Request.Models\Request.Models.csproj", "{4672602D-E6E8-417E-BC5D-8BD357DD110D}"
EndProject
Project("{2150E333-8FDC-42A3-9474-1A3956D46DE8}") = "IService", "IService", "{41EF9D18-0986-4D62-846A-AEE3AD16F44E}"
EndProject
Project("{FAE04EC0-301F-11D3-BF4B-00C04F79EFBC}") = "System.IService", "System.IService\System.IService.csproj", "{1600658D-0CBA-4E8E-9005-E242E2492A47}"
EndProject
Project("{FAE04EC0-301F-11D3-BF4B-00C04F79EFBC}") = "System.Service", "System.Service\System.Service.csproj", "{526AE945-9CFB-4AD9-AA33-C0D7A2891EFD}"
EndProject
Project("{2150E333-8FDC-42A3-9474-1A3956D46DE8}") = "XJFWeb", "XJFWeb", "{928823CC-882F-4DA5-8D65-BD1A2460F3A1}"
EndProject
Project("{FAE04EC0-301F-11D3-BF4B-00C04F79EFBC}") = "XJFWeb_Angularjs", "XJFWeb_Angularjs\XJFWeb_Angularjs.csproj", "{9F793F4D-86D3-4E31-B221-B7DD647DB7A5}"
EndProject
Project("{FAE04EC0-301F-11D3-BF4B-00C04F79EFBC}") = "XJFWeb_MVC", "XJFWeb_MVC\XJFWeb_MVC.csproj", "{72BA7EA5-35BD-4FC7-A452-47197DE62F8F}"
EndProject
Project("{FAE04EC0-301F-11D3-BF4B-00C04F79EFBC}") = "XJFWeb_MVC.Tests", "XJFWeb_MVC.Tests\XJFWeb_MVC.Tests.csproj", "{6515370E-AD3A-4A53-BF71-E1EE0026CC65}"
EndProject
Project("{FAE04EC0-301F-11D3-BF4B-00C04F79EFBC}") = "Encryption", "Encryption\Encryption.csproj", "{6747CBFC-97DE-4A41-94E3-17441333D2F0}"
EndProject
Project("{FAE04EC0-301F-11D3-BF4B-00C04F79EFBC}") = "CacheTools", "CacheTools\CacheTools.csproj", "{9C4896B1-34F8-4FAA-A31F-2E396974AA4F}"
EndProject
Global
	GlobalSection(SolutionConfigurationPlatforms) = preSolution
		Debug|Any CPU = Debug|Any CPU
		Release|Any CPU = Release|Any CPU
	EndGlobalSection
	GlobalSection(ProjectConfigurationPlatforms) = postSolution
		{39E4F2BF-329C-436A-9A10-19FD3BDE8E31}.Debug|Any CPU.ActiveCfg = Debug|Any CPU
		{39E4F2BF-329C-436A-9A10-19FD3BDE8E31}.Debug|Any CPU.Build.0 = Debug|Any CPU
		{39E4F2BF-329C-436A-9A10-19FD3BDE8E31}.Release|Any CPU.ActiveCfg = Release|Any CPU
		{39E4F2BF-329C-436A-9A10-19FD3BDE8E31}.Release|Any CPU.Build.0 = Release|Any CPU
		{CE60BD0F-F1DA-4065-8C8E-3B3E6C0AB120}.Debug|Any CPU.ActiveCfg = Debug|Any CPU
		{CE60BD0F-F1DA-4065-8C8E-3B3E6C0AB120}.Debug|Any CPU.Build.0 = Debug|Any CPU
		{CE60BD0F-F1DA-4065-8C8E-3B3E6C0AB120}.Release|Any CPU.ActiveCfg = Release|Any CPU
		{CE60BD0F-F1DA-4065-8C8E-3B3E6C0AB120}.Release|Any CPU.Build.0 = Release|Any CPU
		{37D25547-D0EF-4BB8-8D79-8B1DC105D20A}.Debug|Any CPU.ActiveCfg = Debug|Any CPU
		{37D25547-D0EF-4BB8-8D79-8B1DC105D20A}.Debug|Any CPU.Build.0 = Debug|Any CPU
		{37D25547-D0EF-4BB8-8D79-8B1DC105D20A}.Release|Any CPU.ActiveCfg = Release|Any CPU
		{37D25547-D0EF-4BB8-8D79-8B1DC105D20A}.Release|Any CPU.Build.0 = Release|Any CPU
		{C49C8DA3-2167-4BE8-BB76-48285F84474D}.Debug|Any CPU.ActiveCfg = Debug|Any CPU
		{C49C8DA3-2167-4BE8-BB76-48285F84474D}.Debug|Any CPU.Build.0 = Debug|Any CPU
		{C49C8DA3-2167-4BE8-BB76-48285F84474D}.Release|Any CPU.ActiveCfg = Release|Any CPU
		{C49C8DA3-2167-4BE8-BB76-48285F84474D}.Release|Any CPU.Build.0 = Release|Any CPU
		{6435357B-10D8-4B72-965B-0D69C2ED40CF}.Debug|Any CPU.ActiveCfg = Debug|Any CPU
		{6435357B-10D8-4B72-965B-0D69C2ED40CF}.Debug|Any CPU.Build.0 = Debug|Any CPU
		{6435357B-10D8-4B72-965B-0D69C2ED40CF}.Release|Any CPU.ActiveCfg = Release|Any CPU
		{6435357B-10D8-4B72-965B-0D69C2ED40CF}.Release|Any CPU.Build.0 = Release|Any CPU
		{9F5B8053-4356-4DD4-8751-9310B26A237A}.Debug|Any CPU.ActiveCfg = Debug|Any CPU
		{9F5B8053-4356-4DD4-8751-9310B26A237A}.Debug|Any CPU.Build.0 = Debug|Any CPU
		{9F5B8053-4356-4DD4-8751-9310B26A237A}.Release|Any CPU.ActiveCfg = Release|Any CPU
		{9F5B8053-4356-4DD4-8751-9310B26A237A}.Release|Any CPU.Build.0 = Release|Any CPU
		{4672602D-E6E8-417E-BC5D-8BD357DD110D}.Debug|Any CPU.ActiveCfg = Debug|Any CPU
		{4672602D-E6E8-417E-BC5D-8BD357DD110D}.Debug|Any CPU.Build.0 = Debug|Any CPU
		{4672602D-E6E8-417E-BC5D-8BD357DD110D}.Release|Any CPU.ActiveCfg = Release|Any CPU
		{4672602D-E6E8-417E-BC5D-8BD357DD110D}.Release|Any CPU.Build.0 = Release|Any CPU
		{1600658D-0CBA-4E8E-9005-E242E2492A47}.Debug|Any CPU.ActiveCfg = Debug|Any CPU
		{1600658D-0CBA-4E8E-9005-E242E2492A47}.Debug|Any CPU.Build.0 = Debug|Any CPU
		{1600658D-0CBA-4E8E-9005-E242E2492A47}.Release|Any CPU.ActiveCfg = Release|Any CPU
		{1600658D-0CBA-4E8E-9005-E242E2492A47}.Release|Any CPU.Build.0 = Release|Any CPU
		{526AE945-9CFB-4AD9-AA33-C0D7A2891EFD}.Debug|Any CPU.ActiveCfg = Debug|Any CPU
		{526AE945-9CFB-4AD9-AA33-C0D7A2891EFD}.Debug|Any CPU.Build.0 = Debug|Any CPU
		{526AE945-9CFB-4AD9-AA33-C0D7A2891EFD}.Release|Any CPU.ActiveCfg = Release|Any CPU
		{526AE945-9CFB-4AD9-AA33-C0D7A2891EFD}.Release|Any CPU.Build.0 = Release|Any CPU
		{9F793F4D-86D3-4E31-B221-B7DD647DB7A5}.Debug|Any CPU.ActiveCfg = Debug|Any CPU
		{9F793F4D-86D3-4E31-B221-B7DD647DB7A5}.Debug|Any CPU.Build.0 = Debug|Any CPU
		{9F793F4D-86D3-4E31-B221-B7DD647DB7A5}.Release|Any CPU.ActiveCfg = Release|Any CPU
		{9F793F4D-86D3-4E31-B221-B7DD647DB7A5}.Release|Any CPU.Build.0 = Release|Any CPU
		{72BA7EA5-35BD-4FC7-A452-47197DE62F8F}.Debug|Any CPU.ActiveCfg = Debug|Any CPU
		{72BA7EA5-35BD-4FC7-A452-47197DE62F8F}.Debug|Any CPU.Build.0 = Debug|Any CPU
		{72BA7EA5-35BD-4FC7-A452-47197DE62F8F}.Release|Any CPU.ActiveCfg = Release|Any CPU
		{72BA7EA5-35BD-4FC7-A452-47197DE62F8F}.Release|Any CPU.Build.0 = Release|Any CPU
		{6515370E-AD3A-4A53-BF71-E1EE0026CC65}.Debug|Any CPU.ActiveCfg = Debug|Any CPU
		{6515370E-AD3A-4A53-BF71-E1EE0026CC65}.Debug|Any CPU.Build.0 = Debug|Any CPU
		{6515370E-AD3A-4A53-BF71-E1EE0026CC65}.Release|Any CPU.ActiveCfg = Release|Any CPU
		{6515370E-AD3A-4A53-BF71-E1EE0026CC65}.Release|Any CPU.Build.0 = Release|Any CPU
		{6747CBFC-97DE-4A41-94E3-17441333D2F0}.Debug|Any CPU.ActiveCfg = Debug|Any CPU
		{6747CBFC-97DE-4A41-94E3-17441333D2F0}.Debug|Any CPU.Build.0 = Debug|Any CPU
		{6747CBFC-97DE-4A41-94E3-17441333D2F0}.Release|Any CPU.ActiveCfg = Release|Any CPU
		{6747CBFC-97DE-4A41-94E3-17441333D2F0}.Release|Any CPU.Build.0 = Release|Any CPU
		{9C4896B1-34F8-4FAA-A31F-2E396974AA4F}.Debug|Any CPU.ActiveCfg = Debug|Any CPU
		{9C4896B1-34F8-4FAA-A31F-2E396974AA4F}.Debug|Any CPU.Build.0 = Debug|Any CPU
		{9C4896B1-34F8-4FAA-A31F-2E396974AA4F}.Release|Any CPU.ActiveCfg = Release|Any CPU
		{9C4896B1-34F8-4FAA-A31F-2E396974AA4F}.Release|Any CPU.Build.0 = Release|Any CPU
	EndGlobalSection
	GlobalSection(SolutionProperties) = preSolution
		HideSolutionNode = FALSE
	EndGlobalSection
	GlobalSection(NestedProjects) = preSolution
		{7F689136-124F-4FF1-A255-625E293CEB4F} = {639275D9-2901-4810-BDD4-146FF200AFC7}
		{37D25547-D0EF-4BB8-8D79-8B1DC105D20A} = {7F689136-124F-4FF1-A255-625E293CEB4F}
		{C49C8DA3-2167-4BE8-BB76-48285F84474D} = {8E4B0792-7802-4A59-AF67-37012DBE82EF}
		{6435357B-10D8-4B72-965B-0D69C2ED40CF} = {DDB9C785-1CBD-4745-8D61-07C42853FA2A}
		{9F5B8053-4356-4DD4-8751-9310B26A237A} = {296CC4C8-7E3C-49AD-A0DF-E234AC817B3F}
		{A0951211-F7B6-454A-AEE4-C3E63C6BB37D} = {639275D9-2901-4810-BDD4-146FF200AFC7}
		{4672602D-E6E8-417E-BC5D-8BD357DD110D} = {A0951211-F7B6-454A-AEE4-C3E63C6BB37D}
		{1600658D-0CBA-4E8E-9005-E242E2492A47} = {41EF9D18-0986-4D62-846A-AEE3AD16F44E}
		{526AE945-9CFB-4AD9-AA33-C0D7A2891EFD} = {BE510C4F-010B-447A-AFBD-3A74DF218951}
		{9F793F4D-86D3-4E31-B221-B7DD647DB7A5} = {928823CC-882F-4DA5-8D65-BD1A2460F3A1}
		{72BA7EA5-35BD-4FC7-A452-47197DE62F8F} = {928823CC-882F-4DA5-8D65-BD1A2460F3A1}
		{6515370E-AD3A-4A53-BF71-E1EE0026CC65} = {928823CC-882F-4DA5-8D65-BD1A2460F3A1}
		{6747CBFC-97DE-4A41-94E3-17441333D2F0} = {296CC4C8-7E3C-49AD-A0DF-E234AC817B3F}
		{9C4896B1-34F8-4FAA-A31F-2E396974AA4F} = {296CC4C8-7E3C-49AD-A0DF-E234AC817B3F}
	EndGlobalSection
	GlobalSection(ExtensibilityGlobals) = postSolution
		SolutionGuid = {9B4CF43C-5450-436C-A00D-7F67112A6C5F}
	EndGlobalSection
EndGlobal
